
Microsoft Visual Studio Solution File, Format Version 12.00
# Visual Studio 14
VisualStudioVersion = 14.0.25123.0
MinimumVisualStudioVersion = 10.0.40219.1
Project("{FAE04EC0-301F-11D3-BF4B-00C04F79EFBC}") = "Science.MainProgram", "Science.MainProgram\Science.MainProgram.csproj", "{EC4A9CFA-B3A2-4388-8329-0796C5FE98B7}"
EndProject
Project("{FAE04EC0-301F-11D3-BF4B-00C04F79EFBC}") = "Science.Core", "Science.Core\Science.Core.csproj", "{3B8BD47B-CAE4-4FB2-80A1-67F73D13B101}"
EndProject
Project("{FAE04EC0-301F-11D3-BF4B-00C04F79EFBC}") = "Experiments", "Experiments\Experiments.csproj", "{EBFF2569-E530-4911-8FA2-0BF1D8793C07}"
EndProject
Project("{FAE04EC0-301F-11D3-BF4B-00C04F79EFBC}") = "Science.Module.Core", "Science.Module.Core\Science.Module.Core.csproj", "{315A2958-874F-4AFF-88D3-4679C14FF932}"
EndProject
Project("{FAE04EC0-301F-11D3-BF4B-00C04F79EFBC}") = "Science.Module.UnitTests", "Science.Module.UnitTests\Science.Module.UnitTests.csproj", "{7910F64C-6E06-4383-8E2E-ABB068D127B9}"
EndProject
Project("{FAE04EC0-301F-11D3-BF4B-00C04F79EFBC}") = "Science.CustomMath", "Science.CustomMath\Science.CustomMath.csproj", "{4130BE07-0D5E-4295-AC97-37817BF84D5C}"
EndProject
Project("{FAE04EC0-301F-11D3-BF4B-00C04F79EFBC}") = "Science.MVVM.Core", "Science.MVVM.Core\Science.MVVM.Core.csproj", "{24388427-567B-4A0E-851A-5905E18C4EB0}"
EndProject
Global
	GlobalSection(SolutionConfigurationPlatforms) = preSolution
		Debug|Any CPU = Debug|Any CPU
		Release|Any CPU = Release|Any CPU
	EndGlobalSection
	GlobalSection(ProjectConfigurationPlatforms) = postSolution
		{EC4A9CFA-B3A2-4388-8329-0796C5FE98B7}.Debug|Any CPU.ActiveCfg = Debug|Any CPU
		{EC4A9CFA-B3A2-4388-8329-0796C5FE98B7}.Debug|Any CPU.Build.0 = Debug|Any CPU
		{EC4A9CFA-B3A2-4388-8329-0796C5FE98B7}.Release|Any CPU.ActiveCfg = Release|Any CPU
		{EC4A9CFA-B3A2-4388-8329-0796C5FE98B7}.Release|Any CPU.Build.0 = Release|Any CPU
		{3B8BD47B-CAE4-4FB2-80A1-67F73D13B101}.Debug|Any CPU.ActiveCfg = Debug|Any CPU
		{3B8BD47B-CAE4-4FB2-80A1-67F73D13B101}.Debug|Any CPU.Build.0 = Debug|Any CPU
		{3B8BD47B-CAE4-4FB2-80A1-67F73D13B101}.Release|Any CPU.ActiveCfg = Release|Any CPU
		{3B8BD47B-CAE4-4FB2-80A1-67F73D13B101}.Release|Any CPU.Build.0 = Release|Any CPU
		{EBFF2569-E530-4911-8FA2-0BF1D8793C07}.Debug|Any CPU.ActiveCfg = Debug|Any CPU
		{EBFF2569-E530-4911-8FA2-0BF1D8793C07}.Debug|Any CPU.Build.0 = Debug|Any CPU
		{EBFF2569-E530-4911-8FA2-0BF1D8793C07}.Release|Any CPU.ActiveCfg = Release|Any CPU
		{EBFF2569-E530-4911-8FA2-0BF1D8793C07}.Release|Any CPU.Build.0 = Release|Any CPU
		{315A2958-874F-4AFF-88D3-4679C14FF932}.Debug|Any CPU.ActiveCfg = Debug|Any CPU
		{315A2958-874F-4AFF-88D3-4679C14FF932}.Debug|Any CPU.Build.0 = Debug|Any CPU
		{315A2958-874F-4AFF-88D3-4679C14FF932}.Release|Any CPU.ActiveCfg = Release|Any CPU
		{315A2958-874F-4AFF-88D3-4679C14FF932}.Release|Any CPU.Build.0 = Release|Any CPU
		{7910F64C-6E06-4383-8E2E-ABB068D127B9}.Debug|Any CPU.ActiveCfg = Debug|Any CPU
		{7910F64C-6E06-4383-8E2E-ABB068D127B9}.Debug|Any CPU.Build.0 = Debug|Any CPU
		{7910F64C-6E06-4383-8E2E-ABB068D127B9}.Release|Any CPU.ActiveCfg = Release|Any CPU
		{7910F64C-6E06-4383-8E2E-ABB068D127B9}.Release|Any CPU.Build.0 = Release|Any CPU
		{4130BE07-0D5E-4295-AC97-37817BF84D5C}.Debug|Any CPU.ActiveCfg = Debug|Any CPU
		{4130BE07-0D5E-4295-AC97-37817BF84D5C}.Debug|Any CPU.Build.0 = Debug|Any CPU
		{4130BE07-0D5E-4295-AC97-37817BF84D5C}.Release|Any CPU.ActiveCfg = Release|Any CPU
		{4130BE07-0D5E-4295-AC97-37817BF84D5C}.Release|Any CPU.Build.0 = Release|Any CPU
		{24388427-567B-4A0E-851A-5905E18C4EB0}.Debug|Any CPU.ActiveCfg = Debug|Any CPU
		{24388427-567B-4A0E-851A-5905E18C4EB0}.Debug|Any CPU.Build.0 = Debug|Any CPU
		{24388427-567B-4A0E-851A-5905E18C4EB0}.Release|Any CPU.ActiveCfg = Release|Any CPU
		{24388427-567B-4A0E-851A-5905E18C4EB0}.Release|Any CPU.Build.0 = Release|Any CPU
	EndGlobalSection
	GlobalSection(SolutionProperties) = preSolution
		HideSolutionNode = FALSE
	EndGlobalSection
EndGlobal
